// !$*UTF8*$!
{
	archiveVersion = 1;
	classes = {
	};
	objectVersion = 56;
	objects = {

/* Begin PBXBuildFile section */
		2B469C3D291F9B7B00CEE134 /* RandomAddress Watch App.app in Embed Watch Content */ = {isa = PBXBuildFile; fileRef = 2B469C3C291F9B7B00CEE134 /* RandomAddress Watch App.app */; settings = {ATTRIBUTES = (RemoveHeadersOnCopy, ); }; };
		2B469C42291F9B7B00CEE134 /* RandomAddressApp.swift in Sources */ = {isa = PBXBuildFile; fileRef = 2B469C41291F9B7B00CEE134 /* RandomAddressApp.swift */; };
		2B469C44291F9B7B00CEE134 /* ContentView.swift in Sources */ = {isa = PBXBuildFile; fileRef = 2B469C43291F9B7B00CEE134 /* ContentView.swift */; };
		2B469C46291F9B7C00CEE134 /* Assets.xcassets in Resources */ = {isa = PBXBuildFile; fileRef = 2B469C45291F9B7C00CEE134 /* Assets.xcassets */; };
		2B469C49291F9B7C00CEE134 /* Preview Assets.xcassets in Resources */ = {isa = PBXBuildFile; fileRef = 2B469C48291F9B7C00CEE134 /* Preview Assets.xcassets */; };
		2B469C54291F9C6C00CEE134 /* ComplicationController.swift in Sources */ = {isa = PBXBuildFile; fileRef = 2B469C53291F9C6C00CEE134 /* ComplicationController.swift */; };
		2B469C56291FE1CA00CEE134 /* Model.swift in Sources */ = {isa = PBXBuildFile; fileRef = 2B469C55291FE1CA00CEE134 /* Model.swift */; };
/* End PBXBuildFile section */

/* Begin PBXContainerItemProxy section */
		2B469C3E291F9B7B00CEE134 /* PBXContainerItemProxy */ = {
			isa = PBXContainerItemProxy;
			containerPortal = 2B469C30291F9B7B00CEE134 /* Project object */;
			proxyType = 1;
			remoteGlobalIDString = 2B469C3B291F9B7B00CEE134;
			remoteInfo = "RandomAddress Watch App";
		};
/* End PBXContainerItemProxy section */

/* Begin PBXCopyFilesBuildPhase section */
		2B469C4F291F9B7C00CEE134 /* Embed Watch Content */ = {
			isa = PBXCopyFilesBuildPhase;
			buildActionMask = 2147483647;
			dstPath = "$(CONTENTS_FOLDER_PATH)/Watch";
			dstSubfolderSpec = 16;
			files = (
				2B469C3D291F9B7B00CEE134 /* RandomAddress Watch App.app in Embed Watch Content */,
			);
			name = "Embed Watch Content";
			runOnlyForDeploymentPostprocessing = 0;
		};
/* End PBXCopyFilesBuildPhase section */

/* Begin PBXFileReference section */
		2B469C36291F9B7B00CEE134 /* RandomAddress.app */ = {isa = PBXFileReference; explicitFileType = wrapper.application; includeInIndex = 0; path = RandomAddress.app; sourceTree = BUILT_PRODUCTS_DIR; };
		2B469C3C291F9B7B00CEE134 /* RandomAddress Watch App.app */ = {isa = PBXFileReference; explicitFileType = wrapper.application; includeInIndex = 0; path = "RandomAddress Watch App.app"; sourceTree = BUILT_PRODUCTS_DIR; };
		2B469C41291F9B7B00CEE134 /* RandomAddressApp.swift */ = {isa = PBXFileReference; lastKnownFileType = sourcecode.swift; path = RandomAddressApp.swift; sourceTree = "<group>"; };
		2B469C43291F9B7B00CEE134 /* ContentView.swift */ = {isa = PBXFileReference; lastKnownFileType = sourcecode.swift; path = ContentView.swift; sourceTree = "<group>"; };
		2B469C45291F9B7C00CEE134 /* Assets.xcassets */ = {isa = PBXFileReference; lastKnownFileType = folder.assetcatalog; path = Assets.xcassets; sourceTree = "<group>"; };
		2B469C48291F9B7C00CEE134 /* Preview Assets.xcassets */ = {isa = PBXFileReference; lastKnownFileType = folder.assetcatalog; path = "Preview Assets.xcassets"; sourceTree = "<group>"; };
		2B469C53291F9C6C00CEE134 /* ComplicationController.swift */ = {isa = PBXFileReference; lastKnownFileType = sourcecode.swift; path = ComplicationController.swift; sourceTree = "<group>"; };
		2B469C55291FE1CA00CEE134 /* Model.swift */ = {isa = PBXFileReference; lastKnownFileType = sourcecode.swift; path = Model.swift; sourceTree = "<group>"; };
/* End PBXFileReference section */

/* Begin PBXFrameworksBuildPhase section */
		2B469C39291F9B7B00CEE134 /* Frameworks */ = {
			isa = PBXFrameworksBuildPhase;
			buildActionMask = 2147483647;
			files = (
			);
			runOnlyForDeploymentPostprocessing = 0;
		};
/* End PBXFrameworksBuildPhase section */

/* Begin PBXGroup section */
		2B469C2F291F9B7B00CEE134 = {
			isa = PBXGroup;
			children = (
				2B469C40291F9B7B00CEE134 /* RandomAddress Watch App */,
				2B469C37291F9B7B00CEE134 /* Products */,
			);
			sourceTree = "<group>";
		};
		2B469C37291F9B7B00CEE134 /* Products */ = {
			isa = PBXGroup;
			children = (
				2B469C36291F9B7B00CEE134 /* RandomAddress.app */,
				2B469C3C291F9B7B00CEE134 /* RandomAddress Watch App.app */,
			);
			name = Products;
			sourceTree = "<group>";
		};
		2B469C40291F9B7B00CEE134 /* RandomAddress Watch App */ = {
			isa = PBXGroup;
			children = (
				2B469C41291F9B7B00CEE134 /* RandomAddressApp.swift */,
				2B469C43291F9B7B00CEE134 /* ContentView.swift */,
				2B469C45291F9B7C00CEE134 /* Assets.xcassets */,
				2B469C53291F9C6C00CEE134 /* ComplicationController.swift */,
				2B469C47291F9B7C00CEE134 /* Preview Content */,
				2B469C55291FE1CA00CEE134 /* Model.swift */,
			);
			path = "RandomAddress Watch App";
			sourceTree = "<group>";
		};
		2B469C47291F9B7C00CEE134 /* Preview Content */ = {
			isa = PBXGroup;
			children = (
				2B469C48291F9B7C00CEE134 /* Preview Assets.xcassets */,
			);
			path = "Preview Content";
			sourceTree = "<group>";
		};
/* End PBXGroup section */

/* Begin PBXNativeTarget section */
		2B469C35291F9B7B00CEE134 /* RandomAddress */ = {
			isa = PBXNativeTarget;
			buildConfigurationList = 2B469C50291F9B7C00CEE134 /* Build configuration list for PBXNativeTarget "RandomAddress" */;
			buildPhases = (
				2B469C34291F9B7B00CEE134 /* Resources */,
				2B469C4F291F9B7C00CEE134 /* Embed Watch Content */,
			);
			buildRules = (
			);
			dependencies = (
				2B469C3F291F9B7B00CEE134 /* PBXTargetDependency */,
			);
			name = RandomAddress;
			productName = RandomAddress;
			productReference = 2B469C36291F9B7B00CEE134 /* RandomAddress.app */;
			productType = "com.apple.product-type.application.watchapp2-container";
		};
		2B469C3B291F9B7B00CEE134 /* RandomAddress Watch App */ = {
			isa = PBXNativeTarget;
			buildConfigurationList = 2B469C4C291F9B7C00CEE134 /* Build configuration list for PBXNativeTarget "RandomAddress Watch App" */;
			buildPhases = (
				2B469C38291F9B7B00CEE134 /* Sources */,
				2B469C39291F9B7B00CEE134 /* Frameworks */,
				2B469C3A291F9B7B00CEE134 /* Resources */,
			);
			buildRules = (
			);
			dependencies = (
			);
			name = "RandomAddress Watch App";
			productName = "RandomAddress Watch App";
			productReference = 2B469C3C291F9B7B00CEE134 /* RandomAddress Watch App.app */;
			productType = "com.apple.product-type.application";
		};
/* End PBXNativeTarget section */

/* Begin PBXProject section */
		2B469C30291F9B7B00CEE134 /* Project object */ = {
			isa = PBXProject;
			attributes = {
				BuildIndependentTargetsInParallel = 1;
				LastSwiftUpdateCheck = 1400;
				LastUpgradeCheck = 1400;
				TargetAttributes = {
					2B469C35291F9B7B00CEE134 = {
						CreatedOnToolsVersion = 14.0.1;
					};
					2B469C3B291F9B7B00CEE134 = {
						CreatedOnToolsVersion = 14.0.1;
					};
				};
			};
			buildConfigurationList = 2B469C33291F9B7B00CEE134 /* Build configuration list for PBXProject "RandomAddress" */;
			compatibilityVersion = "Xcode 14.0";
			developmentRegion = en;
			hasScannedForEncodings = 0;
			knownRegions = (
				en,
				Base,
			);
			mainGroup = 2B469C2F291F9B7B00CEE134;
			productRefGroup = 2B469C37291F9B7B00CEE134 /* Products */;
			projectDirPath = "";
			projectRoot = "";
			targets = (
				2B469C35291F9B7B00CEE134 /* RandomAddress */,
				2B469C3B291F9B7B00CEE134 /* RandomAddress Watch App */,
			);
		};
/* End PBXProject section */

/* Begin PBXResourcesBuildPhase section */
		2B469C34291F9B7B00CEE134 /* Resources */ = {
			isa = PBXResourcesBuildPhase;
			buildActionMask = 2147483647;
			files = (
			);
			runOnlyForDeploymentPostprocessing = 0;
		};
		2B469C3A291F9B7B00CEE134 /* Resources */ = {
			isa = PBXResourcesBuildPhase;
			buildActionMask = 2147483647;
			files = (
				2B469C49291F9B7C00CEE134 /* Preview Assets.xcassets in Resources */,
				2B469C46291F9B7C00CEE134 /* Assets.xcassets in Resources */,
			);
			runOnlyForDeploymentPostprocessing = 0;
		};
/* End PBXResourcesBuildPhase section */

/* Begin PBXSourcesBuildPhase section */
		2B469C38291F9B7B00CEE134 /* Sources */ = {
			isa = PBXSourcesBuildPhase;
			buildActionMask = 2147483647;
			files = (
				2B469C44291F9B7B00CEE134 /* ContentView.swift in Sources */,
				2B469C42291F9B7B00CEE134 /* RandomAddressApp.swift in Sources */,
				2B469C54291F9C6C00CEE134 /* ComplicationController.swift in Sources */,
				2B469C56291FE1CA00CEE134 /* Model.swift in Sources */,
			);
			runOnlyForDeploymentPostprocessing = 0;
		};
/* End PBXSourcesBuildPhase section */

/* Begin PBXTargetDependency section */
		2B469C3F291F9B7B00CEE134 /* PBXTargetDependency */ = {
			isa = PBXTargetDependency;
			target = 2B469C3B291F9B7B00CEE134 /* RandomAddress Watch App */;
			targetProxy = 2B469C3E291F9B7B00CEE134 /* PBXContainerItemProxy */;
		};
/* End PBXTargetDependency section */

/* Begin XCBuildConfiguration section */
		2B469C4A291F9B7C00CEE134 /* Debug */ = {
			isa = XCBuildConfiguration;
			buildSettings = {
				ALWAYS_SEARCH_USER_PATHS = NO;
				CLANG_ANALYZER_NONNULL = YES;
				CLANG_ANALYZER_NUMBER_OBJECT_CONVERSION = YES_AGGRESSIVE;
				CLANG_CXX_LANGUAGE_STANDARD = "gnu++20";
				CLANG_ENABLE_MODULES = YES;
				CLANG_ENABLE_OBJC_ARC = YES;
				CLANG_ENABLE_OBJC_WEAK = YES;
				CLANG_WARN_BLOCK_CAPTURE_AUTORELEASING = YES;
				CLANG_WARN_BOOL_CONVERSION = YES;
				CLANG_WARN_COMMA = YES;
				CLANG_WARN_CONSTANT_CONVERSION = YES;
				CLANG_WARN_DEPRECATED_OBJC_IMPLEMENTATIONS = YES;
				CLANG_WARN_DIRECT_OBJC_ISA_USAGE = YES_ERROR;
				CLANG_WARN_DOCUMENTATION_COMMENTS = YES;
				CLANG_WARN_EMPTY_BODY = YES;
				CLANG_WARN_ENUM_CONVERSION = YES;
				CLANG_WARN_INFINITE_RECURSION = YES;
				CLANG_WARN_INT_CONVERSION = YES;
				CLANG_WARN_NON_LITERAL_NULL_CONVERSION = YES;
				CLANG_WARN_OBJC_IMPLICIT_RETAIN_SELF = YES;
				CLANG_WARN_OBJC_LITERAL_CONVERSION = YES;
				CLANG_WARN_OBJC_ROOT_CLASS = YES_ERROR;
				CLANG_WARN_QUOTED_INCLUDE_IN_FRAMEWORK_HEADER = YES;
				CLANG_WARN_RANGE_LOOP_ANALYSIS = YES;
				CLANG_WARN_STRICT_PROTOTYPES = YES;
				CLANG_WARN_SUSPICIOUS_MOVE = YES;
				CLANG_WARN_UNGUARDED_AVAILABILITY = YES_AGGRESSIVE;
				CLANG_WARN_UNREACHABLE_CODE = YES;
				CLANG_WARN__DUPLICATE_METHOD_MATCH = YES;
				COPY_PHASE_STRIP = NO;
				DEBUG_INFORMATION_FORMAT = dwarf;
				ENABLE_STRICT_OBJC_MSGSEND = YES;
				ENABLE_TESTABILITY = YES;
				GCC_C_LANGUAGE_STANDARD = gnu11;
				GCC_DYNAMIC_NO_PIC = NO;
				GCC_NO_COMMON_BLOCKS = YES;
				GCC_OPTIMIZATION_LEVEL = 0;
				GCC_PREPROCESSOR_DEFINITIONS = (
					"DEBUG=1",
					"$(inherited)",
				);
				GCC_WARN_64_TO_32_BIT_CONVERSION = YES;
				GCC_WARN_ABOUT_RETURN_TYPE = YES_ERROR;
				GCC_WARN_UNDECLARED_SELECTOR = YES;
				GCC_WARN_UNINITIALIZED_AUTOS = YES_AGGRESSIVE;
				GCC_WARN_UNUSED_FUNCTION = YES;
				GCC_WARN_UNUSED_VARIABLE = YES;
				MTL_ENABLE_DEBUG_INFO = INCLUDE_SOURCE;
				MTL_FAST_MATH = YES;
				ONLY_ACTIVE_ARCH = YES;
				SWIFT_ACTIVE_COMPILATION_CONDITIONS = DEBUG;
				SWIFT_OPTIMIZATION_LEVEL = "-Onone";
			};
			name = Debug;
		};
		2B469C4B291F9B7C00CEE134 /* Release */ = {
			isa = XCBuildConfiguration;
			buildSettings = {
				ALWAYS_SEARCH_USER_PATHS = NO;
				CLANG_ANALYZER_NONNULL = YES;
				CLANG_ANALYZER_NUMBER_OBJECT_CONVERSION = YES_AGGRESSIVE;
				CLANG_CXX_LANGUAGE_STANDARD = "gnu++20";
				CLANG_ENABLE_MODULES = YES;
				CLANG_ENABLE_OBJC_ARC = YES;
				CLANG_ENABLE_OBJC_WEAK = YES;
				CLANG_WARN_BLOCK_CAPTURE_AUTORELEASING = YES;
				CLANG_WARN_BOOL_CONVERSION = YES;
				CLANG_WARN_COMMA = YES;
				CLANG_WARN_CONSTANT_CONVERSION = YES;
				CLANG_WARN_DEPRECATED_OBJC_IMPLEMENTATIONS = YES;
				CLANG_WARN_DIRECT_OBJC_ISA_USAGE = YES_ERROR;
				CLANG_WARN_DOCUMENTATION_COMMENTS = YES;
				CLANG_WARN_EMPTY_BODY = YES;
				CLANG_WARN_ENUM_CONVERSION = YES;
				CLANG_WARN_INFINITE_RECURSION = YES;
				CLANG_WARN_INT_CONVERSION = YES;
				CLANG_WARN_NON_LITERAL_NULL_CONVERSION = YES;
				CLANG_WARN_OBJC_IMPLICIT_RETAIN_SELF = YES;
				CLANG_WARN_OBJC_LITERAL_CONVERSION = YES;
				CLANG_WARN_OBJC_ROOT_CLASS = YES_ERROR;
				CLANG_WARN_QUOTED_INCLUDE_IN_FRAMEWORK_HEADER = YES;
				CLANG_WARN_RANGE_LOOP_ANALYSIS = YES;
				CLANG_WARN_STRICT_PROTOTYPES = YES;
				CLANG_WARN_SUSPICIOUS_MOVE = YES;
				CLANG_WARN_UNGUARDED_AVAILABILITY = YES_AGGRESSIVE;
				CLANG_WARN_UNREACHABLE_CODE = YES;
				CLANG_WARN__DUPLICATE_METHOD_MATCH = YES;
				COPY_PHASE_STRIP = NO;
				DEBUG_INFORMATION_FORMAT = "dwarf-with-dsym";
				ENABLE_NS_ASSERTIONS = NO;
				ENABLE_STRICT_OBJC_MSGSEND = YES;
				GCC_C_LANGUAGE_STANDARD = gnu11;
				GCC_NO_COMMON_BLOCKS = YES;
				GCC_WARN_64_TO_32_BIT_CONVERSION = YES;
				GCC_WARN_ABOUT_RETURN_TYPE = YES_ERROR;
				GCC_WARN_UNDECLARED_SELECTOR = YES;
				GCC_WARN_UNINITIALIZED_AUTOS = YES_AGGRESSIVE;
				GCC_WARN_UNUSED_FUNCTION = YES;
				GCC_WARN_UNUSED_VARIABLE = YES;
				MTL_ENABLE_DEBUG_INFO = NO;
				MTL_FAST_MATH = YES;
				SWIFT_COMPILATION_MODE = wholemodule;
				SWIFT_OPTIMIZATION_LEVEL = "-O";
			};
			name = Release;
		};
		2B469C4D291F9B7C00CEE134 /* Debug */ = {
			isa = XCBuildConfiguration;
			buildSettings = {
				ASSETCATALOG_COMPILER_APPICON_NAME = AppIcon;
				ASSETCATALOG_COMPILER_GLOBAL_ACCENT_COLOR_NAME = AccentColor;
				CODE_SIGN_STYLE = Automatic;
				CURRENT_PROJECT_VERSION = 1;
				DEVELOPMENT_ASSET_PATHS = "\"RandomAddress Watch App/Preview Content\"";
				DEVELOPMENT_TEAM = Q2T8TN4ZW6;
				ENABLE_PREVIEWS = YES;
				GENERATE_INFOPLIST_FILE = YES;
				INFOPLIST_KEY_CFBundleDisplayName = RandomAddress;
				INFOPLIST_KEY_CLKComplicationPrincipalClass = "$(PRODUCT_MODULE_NAME).ComplicationController";
				INFOPLIST_KEY_UISupportedInterfaceOrientations = "UIInterfaceOrientationPortrait UIInterfaceOrientationPortraitUpsideDown";
				INFOPLIST_KEY_WKWatchOnly = YES;
				LD_RUNPATH_SEARCH_PATHS = (
					"$(inherited)",
					"@executable_path/Frameworks",
				);
				MARKETING_VERSION = 1.0;
				PRODUCT_BUNDLE_IDENTIFIER = layer.practice.RandomAddress.watchkitapp;
				PRODUCT_NAME = "$(TARGET_NAME)";
				SDKROOT = watchos;
				SKIP_INSTALL = YES;
				SWIFT_EMIT_LOC_STRINGS = YES;
				SWIFT_VERSION = 5.0;
				TARGETED_DEVICE_FAMILY = 4;
				WATCHOS_DEPLOYMENT_TARGET = 9.0;
			};
			name = Debug;
		};
		2B469C4E291F9B7C00CEE134 /* Release */ = {
			isa = XCBuildConfiguration;
			buildSettings = {
				ASSETCATALOG_COMPILER_APPICON_NAME = AppIcon;
				ASSETCATALOG_COMPILER_GLOBAL_ACCENT_COLOR_NAME = AccentColor;
				CODE_SIGN_STYLE = Automatic;
				CURRENT_PROJECT_VERSION = 1;
				DEVELOPMENT_ASSET_PATHS = "\"RandomAddress Watch App/Preview Content\"";
				DEVELOPMENT_TEAM = Q2T8TN4ZW6;
				ENABLE_PREVIEWS = YES;
				GENERATE_INFOPLIST_FILE = YES;
				INFOPLIST_KEY_CFBundleDisplayName = RandomAddress;
				INFOPLIST_KEY_CLKComplicationPrincipalClass = "$(PRODUCT_MODULE_NAME).ComplicationController";
				INFOPLIST_KEY_UISupportedInterfaceOrientations = "UIInterfaceOrientationPortrait UIInterfaceOrientationPortraitUpsideDown";
				INFOPLIST_KEY_WKWatchOnly = YES;
				LD_RUNPATH_SEARCH_PATHS = (
					"$(inherited)",
					"@executable_path/Frameworks",
				);
				MARKETING_VERSION = 1.0;
				PRODUCT_BUNDLE_IDENTIFIER = layer.practice.RandomAddress.watchkitapp;
				PRODUCT_NAME = "$(TARGET_NAME)";
				SDKROOT = watchos;
				SKIP_INSTALL = YES;
				SWIFT_EMIT_LOC_STRINGS = YES;
				SWIFT_VERSION = 5.0;
				TARGETED_DEVICE_FAMILY = 4;
				VALIDATE_PRODUCT = YES;
				WATCHOS_DEPLOYMENT_TARGET = 9.0;
			};
			name = Release;
		};
		2B469C51291F9B7C00CEE134 /* Debug */ = {
			isa = XCBuildConfiguration;
			buildSettings = {
				ALWAYS_EMBED_SWIFT_STANDARD_LIBRARIES = YES;
				CODE_SIGN_STYLE = Automatic;
				CURRENT_PROJECT_VERSION = 1;
				DEVELOPMENT_TEAM = Q2T8TN4ZW6;
				INFOPLIST_KEY_CFBundleDisplayName = RandomAddress;
				MARKETING_VERSION = 1.0;
				PRODUCT_BUNDLE_IDENTIFIER = layer.practice.RandomAddress;
				PRODUCT_NAME = "$(TARGET_NAME)";
				SDKROOT = iphoneos;
				SWIFT_VERSION = 5.0;
			};
			name = Debug;
		};
		2B469C52291F9B7C00CEE134 /* Release */ = {
			isa = XCBuildConfiguration;
			buildSettings = {
				ALWAYS_EMBED_SWIFT_STANDARD_LIBRARIES = YES;
				CODE_SIGN_STYLE = Automatic;
				CURRENT_PROJECT_VERSION = 1;
				DEVELOPMENT_TEAM = Q2T8TN4ZW6;
				INFOPLIST_KEY_CFBundleDisplayName = RandomAddress;
				MARKETING_VERSION = 1.0;
				PRODUCT_BUNDLE_IDENTIFIER = layer.practice.RandomAddress;
				PRODUCT_NAME = "$(TARGET_NAME)";
				SDKROOT = iphoneos;
				SWIFT_VERSION = 5.0;
				VALIDATE_PRODUCT = YES;
			};
			name = Release;
		};
/* End XCBuildConfiguration section */

/* Begin XCConfigurationList section */
		2B469C33291F9B7B00CEE134 /* Build configuration list for PBXProject "RandomAddress" */ = {
			isa = XCConfigurationList;
			buildConfigurations = (
				2B469C4A291F9B7C00CEE134 /* Debug */,
				2B469C4B291F9B7C00CEE134 /* Release */,
			);
			defaultConfigurationIsVisible = 0;
			defaultConfigurationName = Release;
		};
		2B469C4C291F9B7C00CEE134 /* Build configuration list for PBXNativeTarget "RandomAddress Watch App" */ = {
			isa = XCConfigurationList;
			buildConfigurations = (
				2B469C4D291F9B7C00CEE134 /* Debug */,
				2B469C4E291F9B7C00CEE134 /* Release */,
			);
			defaultConfigurationIsVisible = 0;
			defaultConfigurationName = Release;
		};
		2B469C50291F9B7C00CEE134 /* Build configuration list for PBXNativeTarget "RandomAddress" */ = {
			isa = XCConfigurationList;
			buildConfigurations = (
				2B469C51291F9B7C00CEE134 /* Debug */,
				2B469C52291F9B7C00CEE134 /* Release */,
			);
			defaultConfigurationIsVisible = 0;
			defaultConfigurationName = Release;
		};
/* End XCConfigurationList section */
	};
	rootObject = 2B469C30291F9B7B00CEE134 /* Project object */;
}
